
Microsoft Visual Studio Solution File, Format Version 12.00
# Visual Studio Version 17
VisualStudioVersion = 17.5.002.0
MinimumVisualStudioVersion = 10.0.40219.1
Project("{2150E333-8FDC-42A3-9474-1A3956D46DE8}") = "app", "app", "{4954F942-16C1-41B5-8395-266CA2719065}"
	ProjectSection(SolutionItems) = preProject
		DesignPattern.sln = DesignPattern.sln
	EndProjectSection
EndProject
Project("{9A19103F-16F7-4668-BE54-9A1E7A4F7556}") = "Hotelaria", "app\Hotelaria\Hotelaria.csproj", "{BF62A030-0660-4A88-9008-9EBB35D65907}"
EndProject
Global
	GlobalSection(SolutionConfigurationPlatforms) = preSolution
		Debug|Any CPU = Debug|Any CPU
		Release|Any CPU = Release|Any CPU
	EndGlobalSection
	GlobalSection(ProjectConfigurationPlatforms) = postSolution
		{BF62A030-0660-4A88-9008-9EBB35D65907}.Debug|Any CPU.ActiveCfg = Debug|Any CPU
		{BF62A030-0660-4A88-9008-9EBB35D65907}.Debug|Any CPU.Build.0 = Debug|Any CPU
		{BF62A030-0660-4A88-9008-9EBB35D65907}.Release|Any CPU.ActiveCfg = Release|Any CPU
		{BF62A030-0660-4A88-9008-9EBB35D65907}.Release|Any CPU.Build.0 = Release|Any CPU
	EndGlobalSection
	GlobalSection(SolutionProperties) = preSolution
		HideSolutionNode = FALSE
	EndGlobalSection
	GlobalSection(NestedProjects) = preSolution
		{BF62A030-0660-4A88-9008-9EBB35D65907} = {4954F942-16C1-41B5-8395-266CA2719065}
	EndGlobalSection
	GlobalSection(ExtensibilityGlobals) = postSolution
		SolutionGuid = {4E121F58-4034-4DA9-AED5-CBEB489058CB}
	EndGlobalSection
EndGlobal
